// !$*UTF8*$!
{
	archiveVersion = 1;
	classes = {
	};
	objectVersion = 56;
	objects = {

/* Begin PBXBuildFile section */
		RebuyReminderApp.swift in Sources = {isa = PBXBuildFile; };
		ContentView.swift in Sources = {isa = PBXBuildFile; };
		ItemRowView.swift in Sources = {isa = PBXBuildFile; };
		EmptyStateView.swift in Sources = {isa = PBXBuildFile; };
		AddItemView.swift in Sources = {isa = PBXBuildFile; };
		SettingsView.swift in Sources = {isa = PBXBuildFile; };
		PersistenceController.swift in Sources = {isa = PBXBuildFile; };
		RebuyReminder.xcdatamodeld in Sources = {isa = PBXBuildFile; };
/* End PBXBuildFile section */

/* Begin PBXFileReference section */
		RebuyReminder.app = {isa = PBXFileReference; explicitFileType = wrapper.application; includeInIndex = 0; path = RebuyReminder.app; sourceTree = BUILT_PRODUCTS_DIR; };
/* End PBXFileReference section */

/* Begin PBXGroup section */
		MainGroup = {
			isa = PBXGroup;
			children = (
				RebuyReminder,
				Products,
			);
			sourceTree = "<group>";
		};
		Products = {
			isa = PBXGroup;
			children = (
				RebuyReminder.app,
			);
			name = Products;
			sourceTree = "<group>";
		};
		RebuyReminder = {
			isa = PBXGroup;
			children = (
				RebuyReminderApp.swift,
				Views,
				Models,
				Services,
				Resources,
				Info.plist,
			);
			path = RebuyReminder;
			sourceTree = "<group>";
		};
/* End PBXGroup section */

	};
	rootObject = MainGroup;
}
